
Microsoft Visual Studio Solution File, Format Version 12.00
# Visual Studio Version 17
VisualStudioVersion = 17.5.002.0
MinimumVisualStudioVersion = 10.0.40219.1
Project("{9A19103F-16F7-4668-BE54-9A1E7A4F7556}") = "Player.AuthorizationLogic", "Player.AuthorizationLogic.csproj", "{DBD9C9DC-8E3D-4470-94AA-1361BE890F94}"
EndProject
Global
	GlobalSection(SolutionConfigurationPlatforms) = preSolution
		Debug|Any CPU = Debug|Any CPU
		Release|Any CPU = Release|Any CPU
	EndGlobalSection
	GlobalSection(ProjectConfigurationPlatforms) = postSolution
		{DBD9C9DC-8E3D-4470-94AA-1361BE890F94}.Debug|Any CPU.ActiveCfg = Debug|Any CPU
		{DBD9C9DC-8E3D-4470-94AA-1361BE890F94}.Debug|Any CPU.Build.0 = Debug|Any CPU
		{DBD9C9DC-8E3D-4470-94AA-1361BE890F94}.Release|Any CPU.ActiveCfg = Release|Any CPU
		{DBD9C9DC-8E3D-4470-94AA-1361BE890F94}.Release|Any CPU.Build.0 = Release|Any CPU
	EndGlobalSection
	GlobalSection(SolutionProperties) = preSolution
		HideSolutionNode = FALSE
	EndGlobalSection
	GlobalSection(ExtensibilityGlobals) = postSolution
		SolutionGuid = {C3F6C37F-98F0-4290-853B-E315FB90E2D8}
	EndGlobalSection
EndGlobal
